Microsoft Visual Studio Solution File, Format Version 10.00
# Visual C++ Express 2008
Project("{8BC9CEB8-8B4A-11D0-8D11-00A0C91BC942}") = "unzip", "unzip\unzip.vcproj", "{69B450BF-447C-40BA-9EE2-2DA1E3FD4E7F}"
	ProjectSection(ProjectDependencies) = postProject
		{362A8B4F-4738-425A-89A4-EBBA112E2539} = {362A8B4F-4738-425A-89A4-EBBA112E2539}
	EndProjectSection
EndProject
Project("{8BC9CEB8-8B4A-11D0-8D11-00A0C91BC942}") = "libbz2", "libbz2\libbz2.vcproj", "{362A8B4F-4738-425A-89A4-EBBA112E2539}"
EndProject
Project("{8BC9CEB8-8B4A-11D0-8D11-00A0C91BC942}") = "unzipsfx", "unzipsfx\unzipsfx.vcproj", "{82DCF679-56F6-4FC7-8896-ACF1D28B6AA2}"
	ProjectSection(ProjectDependencies) = postProject
		{362A8B4F-4738-425A-89A4-EBBA112E2539} = {362A8B4F-4738-425A-89A4-EBBA112E2539}
	EndProjectSection
EndProject
Project("{8BC9CEB8-8B4A-11D0-8D11-00A0C91BC942}") = "funzip", "funzip\funzip.vcproj", "{3E45C352-FFE5-4C7B-96E3-BC359E56A19A}"
EndProject
Global
	GlobalSection(SolutionConfigurationPlatforms) = preSolution
		Debug|Win32 = Debug|Win32
		Release|Win32 = Release|Win32
	EndGlobalSection
	GlobalSection(ProjectConfigurationPlatforms) = postSolution
		{69B450BF-447C-40BA-9EE2-2DA1E3FD4E7F}.Debug|Win32.ActiveCfg = Debug|Win32
		{69B450BF-447C-40BA-9EE2-2DA1E3FD4E7F}.Debug|Win32.Build.0 = Debug|Win32
		{69B450BF-447C-40BA-9EE2-2DA1E3FD4E7F}.Release|Win32.ActiveCfg = Release|Win32
		{69B450BF-447C-40BA-9EE2-2DA1E3FD4E7F}.Release|Win32.Build.0 = Release|Win32
		{362A8B4F-4738-425A-89A4-EBBA112E2539}.Debug|Win32.ActiveCfg = Debug|Win32
		{362A8B4F-4738-425A-89A4-EBBA112E2539}.Debug|Win32.Build.0 = Debug|Win32
		{362A8B4F-4738-425A-89A4-EBBA112E2539}.Release|Win32.ActiveCfg = Release|Win32
		{362A8B4F-4738-425A-89A4-EBBA112E2539}.Release|Win32.Build.0 = Release|Win32
		{82DCF679-56F6-4FC7-8896-ACF1D28B6AA2}.Debug|Win32.ActiveCfg = Debug|Win32
		{82DCF679-56F6-4FC7-8896-ACF1D28B6AA2}.Debug|Win32.Build.0 = Debug|Win32
		{82DCF679-56F6-4FC7-8896-ACF1D28B6AA2}.Release|Win32.ActiveCfg = Release|Win32
		{82DCF679-56F6-4FC7-8896-ACF1D28B6AA2}.Release|Win32.Build.0 = Release|Win32
		{3E45C352-FFE5-4C7B-96E3-BC359E56A19A}.Debug|Win32.ActiveCfg = Debug|Win32
		{3E45C352-FFE5-4C7B-96E3-BC359E56A19A}.Debug|Win32.Build.0 = Debug|Win32
		{3E45C352-FFE5-4C7B-96E3-BC359E56A19A}.Release|Win32.ActiveCfg = Release|Win32
		{3E45C352-FFE5-4C7B-96E3-BC359E56A19A}.Release|Win32.Build.0 = Release|Win32
	EndGlobalSection
	GlobalSection(SolutionProperties) = preSolution
		HideSolutionNode = FALSE
	EndGlobalSection
EndGlobal
